// !$*UTF8*$!
{
	archiveVersion = 1;
	classes = {
	};
	objectVersion = 56;
	objects = {

/* Begin PBXBuildFile section */
		9F8FE38129658E98004D2BBE /* CategoryHome.swift in Sources */ = {isa = PBXBuildFile; fileRef = 9F8FE38029658E98004D2BBE /* CategoryHome.swift */; };
		9F8FE3832965912B004D2BBE /* CategoryRow.swift in Sources */ = {isa = PBXBuildFile; fileRef = 9F8FE3822965912B004D2BBE /* CategoryRow.swift */; };
		9F8FE3852965940E004D2BBE /* CategoryItem.swift in Sources */ = {isa = PBXBuildFile; fileRef = 9F8FE3842965940E004D2BBE /* CategoryItem.swift */; };
		9F8FE3872965BC16004D2BBE /* Profile.swift in Sources */ = {isa = PBXBuildFile; fileRef = 9F8FE3862965BC16004D2BBE /* Profile.swift */; };
		9F8FE38A2965BD41004D2BBE /* ProfileHost.swift in Sources */ = {isa = PBXBuildFile; fileRef = 9F8FE3892965BD41004D2BBE /* ProfileHost.swift */; };
		9F8FE38C2965BDE0004D2BBE /* ProfileSummary.swift in Sources */ = {isa = PBXBuildFile; fileRef = 9F8FE38B2965BDE0004D2BBE /* ProfileSummary.swift */; };
		9F8FE38E2965BF78004D2BBE /* HikeBadge.swift in Sources */ = {isa = PBXBuildFile; fileRef = 9F8FE38D2965BF78004D2BBE /* HikeBadge.swift */; };
		9FEA1B2A2961B4ED0013A6BD /* ModelData.swift in Sources */ = {isa = PBXBuildFile; fileRef = 9FEA1B292961B4ED0013A6BD /* ModelData.swift */; };
		9FEA1B2C2961B4F40013A6BD /* Landmark.swift in Sources */ = {isa = PBXBuildFile; fileRef = 9FEA1B2B2961B4F40013A6BD /* Landmark.swift */; };
		9FEA1B2F2961B5390013A6BD /* landmarkData.json in Resources */ = {isa = PBXBuildFile; fileRef = 9FEA1B2E2961B5390013A6BD /* landmarkData.json */; };
		9FEA1B312961B5870013A6BD /* LandmarkRow.swift in Sources */ = {isa = PBXBuildFile; fileRef = 9FEA1B302961B5870013A6BD /* LandmarkRow.swift */; };
		9FEA1B332961B5FC0013A6BD /* LandmarkList.swift in Sources */ = {isa = PBXBuildFile; fileRef = 9FEA1B322961B5FC0013A6BD /* LandmarkList.swift */; };
		9FEA1B352961D9130013A6BD /* LandmarkDetail.swift in Sources */ = {isa = PBXBuildFile; fileRef = 9FEA1B342961D9130013A6BD /* LandmarkDetail.swift */; };
		9FEA1B372962E4730013A6BD /* FavoriteButton.swift in Sources */ = {isa = PBXBuildFile; fileRef = 9FEA1B362962E4730013A6BD /* FavoriteButton.swift */; };
		9FEA1B3B2962ECBB0013A6BD /* HexagonParameters.swift in Sources */ = {isa = PBXBuildFile; fileRef = 9FEA1B3A2962ECBB0013A6BD /* HexagonParameters.swift */; };
		9FEA1B3D2962EE100013A6BD /* BadgeBackground.swift in Sources */ = {isa = PBXBuildFile; fileRef = 9FEA1B3C2962EE100013A6BD /* BadgeBackground.swift */; };
		9FEA1B3F2962F4890013A6BD /* BadgeSymbol.swift in Sources */ = {isa = PBXBuildFile; fileRef = 9FEA1B3E2962F4890013A6BD /* BadgeSymbol.swift */; };
		9FEA1B412962F78B0013A6BD /* RotatedBadgeSymbol.swift in Sources */ = {isa = PBXBuildFile; fileRef = 9FEA1B402962F78B0013A6BD /* RotatedBadgeSymbol.swift */; };
		9FEA1B432962F83A0013A6BD /* Badge.swift in Sources */ = {isa = PBXBuildFile; fileRef = 9FEA1B422962F83A0013A6BD /* Badge.swift */; };
		9FEA1B492965825D0013A6BD /* hikeData.json in Resources */ = {isa = PBXBuildFile; fileRef = 9FEA1B482965825D0013A6BD /* hikeData.json */; };
		9FEA1B4B2965828E0013A6BD /* Hike.swift in Sources */ = {isa = PBXBuildFile; fileRef = 9FEA1B4A2965828E0013A6BD /* Hike.swift */; };
		9FEA1B51296585370013A6BD /* GraphCapsule.swift in Sources */ = {isa = PBXBuildFile; fileRef = 9FEA1B4D296585370013A6BD /* GraphCapsule.swift */; };
		9FEA1B52296585370013A6BD /* HikeGraph.swift in Sources */ = {isa = PBXBuildFile; fileRef = 9FEA1B4E296585370013A6BD /* HikeGraph.swift */; };
		9FEA1B53296585370013A6BD /* HikeDetail.swift in Sources */ = {isa = PBXBuildFile; fileRef = 9FEA1B4F296585370013A6BD /* HikeDetail.swift */; };
		9FEA1B54296585370013A6BD /* HikeView.swift in Sources */ = {isa = PBXBuildFile; fileRef = 9FEA1B50296585370013A6BD /* HikeView.swift */; };
		9FEF2B9E296087A900EF759E /* LandmarksApp.swift in Sources */ = {isa = PBXBuildFile; fileRef = 9FEF2B9D296087A900EF759E /* LandmarksApp.swift */; };
		9FEF2BA0296087A900EF759E /* ContentView.swift in Sources */ = {isa = PBXBuildFile; fileRef = 9FEF2B9F296087A900EF759E /* ContentView.swift */; };
		9FEF2BA2296087AA00EF759E /* Assets.xcassets in Resources */ = {isa = PBXBuildFile; fileRef = 9FEF2BA1296087AA00EF759E /* Assets.xcassets */; };
		9FEF2BA5296087AA00EF759E /* Preview Assets.xcassets in Resources */ = {isa = PBXBuildFile; fileRef = 9FEF2BA4296087AA00EF759E /* Preview Assets.xcassets */; };
		9FEF2BAC29608CF800EF759E /* CircleImage.swift in Sources */ = {isa = PBXBuildFile; fileRef = 9FEF2BAB29608CF800EF759E /* CircleImage.swift */; };
		9FEF2BAE29608E4B00EF759E /* MapView.swift in Sources */ = {isa = PBXBuildFile; fileRef = 9FEF2BAD29608E4B00EF759E /* MapView.swift */; };
/* End PBXBuildFile section */

/* Begin PBXFileReference section */
		9F8FE38029658E98004D2BBE /* CategoryHome.swift */ = {isa = PBXFileReference; lastKnownFileType = sourcecode.swift; path = CategoryHome.swift; sourceTree = "<group>"; };
		9F8FE3822965912B004D2BBE /* CategoryRow.swift */ = {isa = PBXFileReference; lastKnownFileType = sourcecode.swift; path = CategoryRow.swift; sourceTree = "<group>"; };
		9F8FE3842965940E004D2BBE /* CategoryItem.swift */ = {isa = PBXFileReference; lastKnownFileType = sourcecode.swift; path = CategoryItem.swift; sourceTree = "<group>"; };
		9F8FE3862965BC16004D2BBE /* Profile.swift */ = {isa = PBXFileReference; lastKnownFileType = sourcecode.swift; path = Profile.swift; sourceTree = "<group>"; };
		9F8FE3892965BD41004D2BBE /* ProfileHost.swift */ = {isa = PBXFileReference; lastKnownFileType = sourcecode.swift; path = ProfileHost.swift; sourceTree = "<group>"; };
		9F8FE38B2965BDE0004D2BBE /* ProfileSummary.swift */ = {isa = PBXFileReference; lastKnownFileType = sourcecode.swift; path = ProfileSummary.swift; sourceTree = "<group>"; };
		9F8FE38D2965BF78004D2BBE /* HikeBadge.swift */ = {isa = PBXFileReference; lastKnownFileType = sourcecode.swift; path = HikeBadge.swift; sourceTree = "<group>"; };
		9FEA1B292961B4ED0013A6BD /* ModelData.swift */ = {isa = PBXFileReference; lastKnownFileType = sourcecode.swift; path = ModelData.swift; sourceTree = "<group>"; };
		9FEA1B2B2961B4F40013A6BD /* Landmark.swift */ = {isa = PBXFileReference; lastKnownFileType = sourcecode.swift; path = Landmark.swift; sourceTree = "<group>"; };
		9FEA1B2E2961B5390013A6BD /* landmarkData.json */ = {isa = PBXFileReference; fileEncoding = 4; lastKnownFileType = text.json; path = landmarkData.json; sourceTree = "<group>"; };
		9FEA1B302961B5870013A6BD /* LandmarkRow.swift */ = {isa = PBXFileReference; lastKnownFileType = sourcecode.swift; path = LandmarkRow.swift; sourceTree = "<group>"; };
		9FEA1B322961B5FC0013A6BD /* LandmarkList.swift */ = {isa = PBXFileReference; lastKnownFileType = sourcecode.swift; path = LandmarkList.swift; sourceTree = "<group>"; };
		9FEA1B342961D9130013A6BD /* LandmarkDetail.swift */ = {isa = PBXFileReference; lastKnownFileType = sourcecode.swift; path = LandmarkDetail.swift; sourceTree = "<group>"; };
		9FEA1B362962E4730013A6BD /* FavoriteButton.swift */ = {isa = PBXFileReference; lastKnownFileType = sourcecode.swift; path = FavoriteButton.swift; sourceTree = "<group>"; };
		9FEA1B3A2962ECBB0013A6BD /* HexagonParameters.swift */ = {isa = PBXFileReference; lastKnownFileType = sourcecode.swift; path = HexagonParameters.swift; sourceTree = "<group>"; };
		9FEA1B3C2962EE100013A6BD /* BadgeBackground.swift */ = {isa = PBXFileReference; lastKnownFileType = sourcecode.swift; path = BadgeBackground.swift; sourceTree = "<group>"; };
		9FEA1B3E2962F4890013A6BD /* BadgeSymbol.swift */ = {isa = PBXFileReference; lastKnownFileType = sourcecode.swift; path = BadgeSymbol.swift; sourceTree = "<group>"; };
		9FEA1B402962F78B0013A6BD /* RotatedBadgeSymbol.swift */ = {isa = PBXFileReference; lastKnownFileType = sourcecode.swift; path = RotatedBadgeSymbol.swift; sourceTree = "<group>"; };
		9FEA1B422962F83A0013A6BD /* Badge.swift */ = {isa = PBXFileReference; lastKnownFileType = sourcecode.swift; path = Badge.swift; sourceTree = "<group>"; };
		9FEA1B482965825D0013A6BD /* hikeData.json */ = {isa = PBXFileReference; fileEncoding = 4; lastKnownFileType = text.json; path = hikeData.json; sourceTree = "<group>"; };
		9FEA1B4A2965828E0013A6BD /* Hike.swift */ = {isa = PBXFileReference; lastKnownFileType = sourcecode.swift; path = Hike.swift; sourceTree = "<group>"; };
		9FEA1B4D296585370013A6BD /* GraphCapsule.swift */ = {isa = PBXFileReference; fileEncoding = 4; lastKnownFileType = sourcecode.swift; path = GraphCapsule.swift; sourceTree = "<group>"; };
		9FEA1B4E296585370013A6BD /* HikeGraph.swift */ = {isa = PBXFileReference; fileEncoding = 4; lastKnownFileType = sourcecode.swift; path = HikeGraph.swift; sourceTree = "<group>"; };
		9FEA1B4F296585370013A6BD /* HikeDetail.swift */ = {isa = PBXFileReference; fileEncoding = 4; lastKnownFileType = sourcecode.swift; path = HikeDetail.swift; sourceTree = "<group>"; };
		9FEA1B50296585370013A6BD /* HikeView.swift */ = {isa = PBXFileReference; fileEncoding = 4; lastKnownFileType = sourcecode.swift; path = HikeView.swift; sourceTree = "<group>"; };
		9FEF2B9A296087A900EF759E /* Landmarks.app */ = {isa = PBXFileReference; explicitFileType = wrapper.application; includeInIndex = 0; path = Landmarks.app; sourceTree = BUILT_PRODUCTS_DIR; };
		9FEF2B9D296087A900EF759E /* LandmarksApp.swift */ = {isa = PBXFileReference; lastKnownFileType = sourcecode.swift; path = LandmarksApp.swift; sourceTree = "<group>"; };
		9FEF2B9F296087A900EF759E /* ContentView.swift */ = {isa = PBXFileReference; lastKnownFileType = sourcecode.swift; path = ContentView.swift; sourceTree = "<group>"; };
		9FEF2BA1296087AA00EF759E /* Assets.xcassets */ = {isa = PBXFileReference; lastKnownFileType = folder.assetcatalog; path = Assets.xcassets; sourceTree = "<group>"; };
		9FEF2BA4296087AA00EF759E /* Preview Assets.xcassets */ = {isa = PBXFileReference; lastKnownFileType = folder.assetcatalog; path = "Preview Assets.xcassets"; sourceTree = "<group>"; };
		9FEF2BAB29608CF800EF759E /* CircleImage.swift */ = {isa = PBXFileReference; lastKnownFileType = sourcecode.swift; path = CircleImage.swift; sourceTree = "<group>"; };
		9FEF2BAD29608E4B00EF759E /* MapView.swift */ = {isa = PBXFileReference; lastKnownFileType = sourcecode.swift; path = MapView.swift; sourceTree = "<group>"; };
/* End PBXFileReference section */

/* Begin PBXFrameworksBuildPhase section */
		9FEF2B97296087A900EF759E /* Frameworks */ = {
			isa = PBXFrameworksBuildPhase;
			buildActionMask = 2147483647;
			files = (
			);
			runOnlyForDeploymentPostprocessing = 0;
		};
/* End PBXFrameworksBuildPhase section */

/* Begin PBXGroup section */
		9F8FE37F29658E7D004D2BBE /* Categories */ = {
			isa = PBXGroup;
			children = (
				9F8FE38029658E98004D2BBE /* CategoryHome.swift */,
				9F8FE3822965912B004D2BBE /* CategoryRow.swift */,
				9F8FE3842965940E004D2BBE /* CategoryItem.swift */,
			);
			path = Categories;
			sourceTree = "<group>";
		};
		9F8FE3882965BD22004D2BBE /* Profiles */ = {
			isa = PBXGroup;
			children = (
				9F8FE3892965BD41004D2BBE /* ProfileHost.swift */,
				9F8FE38B2965BDE0004D2BBE /* ProfileSummary.swift */,
			);
			path = Profiles;
			sourceTree = "<group>";
		};
		9FEA1B272961B4BE0013A6BD /* Views */ = {
			isa = PBXGroup;
			children = (
				9FEF2B9F296087A900EF759E /* ContentView.swift */,
				9FEA1B382962E57A0013A6BD /* Landmarks */,
				9FEA1B452962FA030013A6BD /* Badges */,
				9FEA1B4C296585370013A6BD /* Hikes */,
				9F8FE37F29658E7D004D2BBE /* Categories */,
				9F8FE3882965BD22004D2BBE /* Profiles */,
				9FEA1B392962E59C0013A6BD /* Helpers */,
			);
			path = Views;
			sourceTree = "<group>";
		};
		9FEA1B282961B4DB0013A6BD /* Model */ = {
			isa = PBXGroup;
			children = (
				9FEA1B292961B4ED0013A6BD /* ModelData.swift */,
				9FEA1B2B2961B4F40013A6BD /* Landmark.swift */,
				9FEA1B4A2965828E0013A6BD /* Hike.swift */,
				9F8FE3862965BC16004D2BBE /* Profile.swift */,
			);
			path = Model;
			sourceTree = "<group>";
		};
		9FEA1B2D2961B5190013A6BD /* Resources */ = {
			isa = PBXGroup;
			children = (
				9FEA1B2E2961B5390013A6BD /* landmarkData.json */,
				9FEA1B482965825D0013A6BD /* hikeData.json */,
			);
			path = Resources;
			sourceTree = "<group>";
		};
		9FEA1B382962E57A0013A6BD /* Landmarks */ = {
			isa = PBXGroup;
			children = (
				9FEA1B302961B5870013A6BD /* LandmarkRow.swift */,
				9FEA1B322961B5FC0013A6BD /* LandmarkList.swift */,
				9FEA1B342961D9130013A6BD /* LandmarkDetail.swift */,
			);
			path = Landmarks;
			sourceTree = "<group>";
		};
		9FEA1B392962E59C0013A6BD /* Helpers */ = {
			isa = PBXGroup;
			children = (
				9FEF2BAB29608CF800EF759E /* CircleImage.swift */,
				9FEF2BAD29608E4B00EF759E /* MapView.swift */,
				9FEA1B362962E4730013A6BD /* FavoriteButton.swift */,
			);
			path = Helpers;
			sourceTree = "<group>";
		};
		9FEA1B452962FA030013A6BD /* Badges */ = {
			isa = PBXGroup;
			children = (
				9FEA1B422962F83A0013A6BD /* Badge.swift */,
				9FEA1B3C2962EE100013A6BD /* BadgeBackground.swift */,
				9FEA1B3E2962F4890013A6BD /* BadgeSymbol.swift */,
				9FEA1B402962F78B0013A6BD /* RotatedBadgeSymbol.swift */,
				9FEA1B3A2962ECBB0013A6BD /* HexagonParameters.swift */,
				9F8FE38D2965BF78004D2BBE /* HikeBadge.swift */,
			);
			path = Badges;
			sourceTree = "<group>";
		};
		9FEA1B4C296585370013A6BD /* Hikes */ = {
			isa = PBXGroup;
			children = (
				9FEA1B4D296585370013A6BD /* GraphCapsule.swift */,
				9FEA1B4E296585370013A6BD /* HikeGraph.swift */,
				9FEA1B4F296585370013A6BD /* HikeDetail.swift */,
				9FEA1B50296585370013A6BD /* HikeView.swift */,
			);
			path = Hikes;
			sourceTree = "<group>";
		};
		9FEF2B91296087A900EF759E = {
			isa = PBXGroup;
			children = (
				9FEF2B9C296087A900EF759E /* Landmarks */,
				9FEF2B9B296087A900EF759E /* Products */,
			);
			sourceTree = "<group>";
		};
		9FEF2B9B296087A900EF759E /* Products */ = {
			isa = PBXGroup;
			children = (
				9FEF2B9A296087A900EF759E /* Landmarks.app */,
			);
			name = Products;
			sourceTree = "<group>";
		};
		9FEF2B9C296087A900EF759E /* Landmarks */ = {
			isa = PBXGroup;
			children = (
				9FEF2B9D296087A900EF759E /* LandmarksApp.swift */,
				9FEA1B272961B4BE0013A6BD /* Views */,
				9FEA1B282961B4DB0013A6BD /* Model */,
				9FEA1B2D2961B5190013A6BD /* Resources */,
				9FEF2BA1296087AA00EF759E /* Assets.xcassets */,
				9FEF2BA3296087AA00EF759E /* Preview Content */,
			);
			path = Landmarks;
			sourceTree = "<group>";
		};
		9FEF2BA3296087AA00EF759E /* Preview Content */ = {
			isa = PBXGroup;
			children = (
				9FEF2BA4296087AA00EF759E /* Preview Assets.xcassets */,
			);
			path = "Preview Content";
			sourceTree = "<group>";
		};
/* End PBXGroup section */

/* Begin PBXNativeTarget section */
		9FEF2B99296087A900EF759E /* Landmarks */ = {
			isa = PBXNativeTarget;
			buildConfigurationList = 9FEF2BA8296087AA00EF759E /* Build configuration list for PBXNativeTarget "Landmarks" */;
			buildPhases = (
				9FEF2B96296087A900EF759E /* Sources */,
				9FEF2B97296087A900EF759E /* Frameworks */,
				9FEF2B98296087A900EF759E /* Resources */,
			);
			buildRules = (
			);
			dependencies = (
			);
			name = Landmarks;
			productName = Landmarks;
			productReference = 9FEF2B9A296087A900EF759E /* Landmarks.app */;
			productType = "com.apple.product-type.application";
		};
/* End PBXNativeTarget section */

/* Begin PBXProject section */
		9FEF2B92296087A900EF759E /* Project object */ = {
			isa = PBXProject;
			attributes = {
				BuildIndependentTargetsInParallel = 1;
				LastSwiftUpdateCheck = 1420;
				LastUpgradeCheck = 1420;
				TargetAttributes = {
					9FEF2B99296087A900EF759E = {
						CreatedOnToolsVersion = 14.2;
					};
				};
			};
			buildConfigurationList = 9FEF2B95296087A900EF759E /* Build configuration list for PBXProject "Landmarks" */;
			compatibilityVersion = "Xcode 14.0";
			developmentRegion = en;
			hasScannedForEncodings = 0;
			knownRegions = (
				en,
				Base,
			);
			mainGroup = 9FEF2B91296087A900EF759E;
			productRefGroup = 9FEF2B9B296087A900EF759E /* Products */;
			projectDirPath = "";
			projectRoot = "";
			targets = (
				9FEF2B99296087A900EF759E /* Landmarks */,
			);
		};
/* End PBXProject section */

/* Begin PBXResourcesBuildPhase section */
		9FEF2B98296087A900EF759E /* Resources */ = {
			isa = PBXResourcesBuildPhase;
			buildActionMask = 2147483647;
			files = (
				9FEA1B492965825D0013A6BD /* hikeData.json in Resources */,
				9FEF2BA5296087AA00EF759E /* Preview Assets.xcassets in Resources */,
				9FEF2BA2296087AA00EF759E /* Assets.xcassets in Resources */,
				9FEA1B2F2961B5390013A6BD /* landmarkData.json in Resources */,
			);
			runOnlyForDeploymentPostprocessing = 0;
		};
/* End PBXResourcesBuildPhase section */

/* Begin PBXSourcesBuildPhase section */
		9FEF2B96296087A900EF759E /* Sources */ = {
			isa = PBXSourcesBuildPhase;
			buildActionMask = 2147483647;
			files = (
				9F8FE3832965912B004D2BBE /* CategoryRow.swift in Sources */,
				9F8FE3872965BC16004D2BBE /* Profile.swift in Sources */,
				9FEF2BA0296087A900EF759E /* ContentView.swift in Sources */,
				9F8FE38129658E98004D2BBE /* CategoryHome.swift in Sources */,
				9FEA1B52296585370013A6BD /* HikeGraph.swift in Sources */,
				9FEA1B432962F83A0013A6BD /* Badge.swift in Sources */,
				9FEF2BAE29608E4B00EF759E /* MapView.swift in Sources */,
				9FEA1B51296585370013A6BD /* GraphCapsule.swift in Sources */,
				9FEA1B2A2961B4ED0013A6BD /* ModelData.swift in Sources */,
				9FEA1B372962E4730013A6BD /* FavoriteButton.swift in Sources */,
				9F8FE3852965940E004D2BBE /* CategoryItem.swift in Sources */,
				9FEA1B53296585370013A6BD /* HikeDetail.swift in Sources */,
				9F8FE38C2965BDE0004D2BBE /* ProfileSummary.swift in Sources */,
				9FEA1B3B2962ECBB0013A6BD /* HexagonParameters.swift in Sources */,
				9F8FE38A2965BD41004D2BBE /* ProfileHost.swift in Sources */,
				9FEA1B4B2965828E0013A6BD /* Hike.swift in Sources */,
				9FEA1B412962F78B0013A6BD /* RotatedBadgeSymbol.swift in Sources */,
				9FEA1B3F2962F4890013A6BD /* BadgeSymbol.swift in Sources */,
				9FEA1B332961B5FC0013A6BD /* LandmarkList.swift in Sources */,
				9FEA1B54296585370013A6BD /* HikeView.swift in Sources */,
				9FEA1B352961D9130013A6BD /* LandmarkDetail.swift in Sources */,
				9FEA1B3D2962EE100013A6BD /* BadgeBackground.swift in Sources */,
				9F8FE38E2965BF78004D2BBE /* HikeBadge.swift in Sources */,
				9FEF2B9E296087A900EF759E /* LandmarksApp.swift in Sources */,
				9FEF2BAC29608CF800EF759E /* CircleImage.swift in Sources */,
				9FEA1B312961B5870013A6BD /* LandmarkRow.swift in Sources */,
				9FEA1B2C2961B4F40013A6BD /* Landmark.swift in Sources */,
			);
			runOnlyForDeploymentPostprocessing = 0;
		};
/* End PBXSourcesBuildPhase section */

/* Begin XCBuildConfiguration section */
		9FEF2BA6296087AA00EF759E /* Debug */ = {
			isa = XCBuildConfiguration;
			buildSettings = {
				ALWAYS_SEARCH_USER_PATHS = NO;
				CLANG_ANALYZER_NONNULL = YES;
				CLANG_ANALYZER_NUMBER_OBJECT_CONVERSION = YES_AGGRESSIVE;
				CLANG_CXX_LANGUAGE_STANDARD = "gnu++20";
				CLANG_ENABLE_MODULES = YES;
				CLANG_ENABLE_OBJC_ARC = YES;
				CLANG_ENABLE_OBJC_WEAK = YES;
				CLANG_WARN_BLOCK_CAPTURE_AUTORELEASING = YES;
				CLANG_WARN_BOOL_CONVERSION = YES;
				CLANG_WARN_COMMA = YES;
				CLANG_WARN_CONSTANT_CONVERSION = YES;
				CLANG_WARN_DEPRECATED_OBJC_IMPLEMENTATIONS = YES;
				CLANG_WARN_DIRECT_OBJC_ISA_USAGE = YES_ERROR;
				CLANG_WARN_DOCUMENTATION_COMMENTS = YES;
				CLANG_WARN_EMPTY_BODY = YES;
				CLANG_WARN_ENUM_CONVERSION = YES;
				CLANG_WARN_INFINITE_RECURSION = YES;
				CLANG_WARN_INT_CONVERSION = YES;
				CLANG_WARN_NON_LITERAL_NULL_CONVERSION = YES;
				CLANG_WARN_OBJC_IMPLICIT_RETAIN_SELF = YES;
				CLANG_WARN_OBJC_LITERAL_CONVERSION = YES;
				CLANG_WARN_OBJC_ROOT_CLASS = YES_ERROR;
				CLANG_WARN_QUOTED_INCLUDE_IN_FRAMEWORK_HEADER = YES;
				CLANG_WARN_RANGE_LOOP_ANALYSIS = YES;
				CLANG_WARN_STRICT_PROTOTYPES = YES;
				CLANG_WARN_SUSPICIOUS_MOVE = YES;
				CLANG_WARN_UNGUARDED_AVAILABILITY = YES_AGGRESSIVE;
				CLANG_WARN_UNREACHABLE_CODE = YES;
				CLANG_WARN__DUPLICATE_METHOD_MATCH = YES;
				COPY_PHASE_STRIP = NO;
				DEBUG_INFORMATION_FORMAT = dwarf;
				ENABLE_STRICT_OBJC_MSGSEND = YES;
				ENABLE_TESTABILITY = YES;
				GCC_C_LANGUAGE_STANDARD = gnu11;
				GCC_DYNAMIC_NO_PIC = NO;
				GCC_NO_COMMON_BLOCKS = YES;
				GCC_OPTIMIZATION_LEVEL = 0;
				GCC_PREPROCESSOR_DEFINITIONS = (
					"DEBUG=1",
					"$(inherited)",
				);
				GCC_WARN_64_TO_32_BIT_CONVERSION = YES;
				GCC_WARN_ABOUT_RETURN_TYPE = YES_ERROR;
				GCC_WARN_UNDECLARED_SELECTOR = YES;
				GCC_WARN_UNINITIALIZED_AUTOS = YES_AGGRESSIVE;
				GCC_WARN_UNUSED_FUNCTION = YES;
				GCC_WARN_UNUSED_VARIABLE = YES;
				IPHONEOS_DEPLOYMENT_TARGET = 16.2;
				MTL_ENABLE_DEBUG_INFO = INCLUDE_SOURCE;
				MTL_FAST_MATH = YES;
				ONLY_ACTIVE_ARCH = YES;
				SDKROOT = iphoneos;
				SWIFT_ACTIVE_COMPILATION_CONDITIONS = DEBUG;
				SWIFT_OPTIMIZATION_LEVEL = "-Onone";
			};
			name = Debug;
		};
		9FEF2BA7296087AA00EF759E /* Release */ = {
			isa = XCBuildConfiguration;
			buildSettings = {
				ALWAYS_SEARCH_USER_PATHS = NO;
				CLANG_ANALYZER_NONNULL = YES;
				CLANG_ANALYZER_NUMBER_OBJECT_CONVERSION = YES_AGGRESSIVE;
				CLANG_CXX_LANGUAGE_STANDARD = "gnu++20";
				CLANG_ENABLE_MODULES = YES;
				CLANG_ENABLE_OBJC_ARC = YES;
				CLANG_ENABLE_OBJC_WEAK = YES;
				CLANG_WARN_BLOCK_CAPTURE_AUTORELEASING = YES;
				CLANG_WARN_BOOL_CONVERSION = YES;
				CLANG_WARN_COMMA = YES;
				CLANG_WARN_CONSTANT_CONVERSION = YES;
				CLANG_WARN_DEPRECATED_OBJC_IMPLEMENTATIONS = YES;
				CLANG_WARN_DIRECT_OBJC_ISA_USAGE = YES_ERROR;
				CLANG_WARN_DOCUMENTATION_COMMENTS = YES;
				CLANG_WARN_EMPTY_BODY = YES;
				CLANG_WARN_ENUM_CONVERSION = YES;
				CLANG_WARN_INFINITE_RECURSION = YES;
				CLANG_WARN_INT_CONVERSION = YES;
				CLANG_WARN_NON_LITERAL_NULL_CONVERSION = YES;
				CLANG_WARN_OBJC_IMPLICIT_RETAIN_SELF = YES;
				CLANG_WARN_OBJC_LITERAL_CONVERSION = YES;
				CLANG_WARN_OBJC_ROOT_CLASS = YES_ERROR;
				CLANG_WARN_QUOTED_INCLUDE_IN_FRAMEWORK_HEADER = YES;
				CLANG_WARN_RANGE_LOOP_ANALYSIS = YES;
				CLANG_WARN_STRICT_PROTOTYPES = YES;
				CLANG_WARN_SUSPICIOUS_MOVE = YES;
				CLANG_WARN_UNGUARDED_AVAILABILITY = YES_AGGRESSIVE;
				CLANG_WARN_UNREACHABLE_CODE = YES;
				CLANG_WARN__DUPLICATE_METHOD_MATCH = YES;
				COPY_PHASE_STRIP = NO;
				DEBUG_INFORMATION_FORMAT = "dwarf-with-dsym";
				ENABLE_NS_ASSERTIONS = NO;
				ENABLE_STRICT_OBJC_MSGSEND = YES;
				GCC_C_LANGUAGE_STANDARD = gnu11;
				GCC_NO_COMMON_BLOCKS = YES;
				GCC_WARN_64_TO_32_BIT_CONVERSION = YES;
				GCC_WARN_ABOUT_RETURN_TYPE = YES_ERROR;
				GCC_WARN_UNDECLARED_SELECTOR = YES;
				GCC_WARN_UNINITIALIZED_AUTOS = YES_AGGRESSIVE;
				GCC_WARN_UNUSED_FUNCTION = YES;
				GCC_WARN_UNUSED_VARIABLE = YES;
				IPHONEOS_DEPLOYMENT_TARGET = 16.2;
				MTL_ENABLE_DEBUG_INFO = NO;
				MTL_FAST_MATH = YES;
				SDKROOT = iphoneos;
				SWIFT_COMPILATION_MODE = wholemodule;
				SWIFT_OPTIMIZATION_LEVEL = "-O";
				VALIDATE_PRODUCT = YES;
			};
			name = Release;
		};
		9FEF2BA9296087AA00EF759E /* Debug */ = {
			isa = XCBuildConfiguration;
			buildSettings = {
				ASSETCATALOG_COMPILER_APPICON_NAME = AppIcon;
				ASSETCATALOG_COMPILER_GLOBAL_ACCENT_COLOR_NAME = AccentColor;
				CODE_SIGN_STYLE = Automatic;
				CURRENT_PROJECT_VERSION = 1;
				DEVELOPMENT_ASSET_PATHS = "\"Landmarks/Preview Content\"";
				DEVELOPMENT_TEAM = RYRF347865;
				ENABLE_PREVIEWS = YES;
				GENERATE_INFOPLIST_FILE = YES;
				INFOPLIST_KEY_UIApplicationSceneManifest_Generation = YES;
				INFOPLIST_KEY_UIApplicationSupportsIndirectInputEvents = YES;
				INFOPLIST_KEY_UILaunchScreen_Generation = YES;
				INFOPLIST_KEY_UISupportedInterfaceOrientations_iPad = "UIInterfaceOrientationPortrait UIInterfaceOrientationPortraitUpsideDown UIInterfaceOrientationLandscapeLeft UIInterfaceOrientationLandscapeRight";
				INFOPLIST_KEY_UISupportedInterfaceOrientations_iPhone = "UIInterfaceOrientationPortrait UIInterfaceOrientationLandscapeLeft UIInterfaceOrientationLandscapeRight";
				LD_RUNPATH_SEARCH_PATHS = (
					"$(inherited)",
					"@executable_path/Frameworks",
				);
				MARKETING_VERSION = 1.0;
				PRODUCT_BUNDLE_IDENTIFIER = com.tftf161107.Landmarks;
				PRODUCT_NAME = "$(TARGET_NAME)";
				SWIFT_EMIT_LOC_STRINGS = YES;
				SWIFT_VERSION = 5.0;
				TARGETED_DEVICE_FAMILY = "1,2";
			};
			name = Debug;
		};
		9FEF2BAA296087AA00EF759E /* Release */ = {
			isa = XCBuildConfiguration;
			buildSettings = {
				ASSETCATALOG_COMPILER_APPICON_NAME = AppIcon;
				ASSETCATALOG_COMPILER_GLOBAL_ACCENT_COLOR_NAME = AccentColor;
				CODE_SIGN_STYLE = Automatic;
				CURRENT_PROJECT_VERSION = 1;
				DEVELOPMENT_ASSET_PATHS = "\"Landmarks/Preview Content\"";
				DEVELOPMENT_TEAM = RYRF347865;
				ENABLE_PREVIEWS = YES;
				GENERATE_INFOPLIST_FILE = YES;
				INFOPLIST_KEY_UIApplicationSceneManifest_Generation = YES;
				INFOPLIST_KEY_UIApplicationSupportsIndirectInputEvents = YES;
				INFOPLIST_KEY_UILaunchScreen_Generation = YES;
				INFOPLIST_KEY_UISupportedInterfaceOrientations_iPad = "UIInterfaceOrientationPortrait UIInterfaceOrientationPortraitUpsideDown UIInterfaceOrientationLandscapeLeft UIInterfaceOrientationLandscapeRight";
				INFOPLIST_KEY_UISupportedInterfaceOrientations_iPhone = "UIInterfaceOrientationPortrait UIInterfaceOrientationLandscapeLeft UIInterfaceOrientationLandscapeRight";
				LD_RUNPATH_SEARCH_PATHS = (
					"$(inherited)",
					"@executable_path/Frameworks",
				);
				MARKETING_VERSION = 1.0;
				PRODUCT_BUNDLE_IDENTIFIER = com.tftf161107.Landmarks;
				PRODUCT_NAME = "$(TARGET_NAME)";
				SWIFT_EMIT_LOC_STRINGS = YES;
				SWIFT_VERSION = 5.0;
				TARGETED_DEVICE_FAMILY = "1,2";
			};
			name = Release;
		};
/* End XCBuildConfiguration section */

/* Begin XCConfigurationList section */
		9FEF2B95296087A900EF759E /* Build configuration list for PBXProject "Landmarks" */ = {
			isa = XCConfigurationList;
			buildConfigurations = (
				9FEF2BA6296087AA00EF759E /* Debug */,
				9FEF2BA7296087AA00EF759E /* Release */,
			);
			defaultConfigurationIsVisible = 0;
			defaultConfigurationName = Release;
		};
		9FEF2BA8296087AA00EF759E /* Build configuration list for PBXNativeTarget "Landmarks" */ = {
			isa = XCConfigurationList;
			buildConfigurations = (
				9FEF2BA9296087AA00EF759E /* Debug */,
				9FEF2BAA296087AA00EF759E /* Release */,
			);
			defaultConfigurationIsVisible = 0;
			defaultConfigurationName = Release;
		};
/* End XCConfigurationList section */
	};
	rootObject = 9FEF2B92296087A900EF759E /* Project object */;
}
