// !$*UTF8*$!
{
	archiveVersion = 1;
	classes = {
	};
	objectVersion = 56;
	objects = {

/* Begin PBXBuildFile section */
		9FEA1B2A2961B4ED0013A6BD /* ModelData.swift in Sources */ = {isa = PBXBuildFile; fileRef = 9FEA1B292961B4ED0013A6BD /* ModelData.swift */; };
		9FEA1B2C2961B4F40013A6BD /* Landmark.swift in Sources */ = {isa = PBXBuildFile; fileRef = 9FEA1B2B2961B4F40013A6BD /* Landmark.swift */; };
		9FEA1B2F2961B5390013A6BD /* landmarkData.json in Resources */ = {isa = PBXBuildFile; fileRef = 9FEA1B2E2961B5390013A6BD /* landmarkData.json */; };
		9FEA1B312961B5870013A6BD /* LandmarkRow.swift in Sources */ = {isa = PBXBuildFile; fileRef = 9FEA1B302961B5870013A6BD /* LandmarkRow.swift */; };
		9FEA1B332961B5FC0013A6BD /* LandmarkList.swift in Sources */ = {isa = PBXBuildFile; fileRef = 9FEA1B322961B5FC0013A6BD /* LandmarkList.swift */; };
		9FEA1B352961D9130013A6BD /* LandmarkDetail.swift in Sources */ = {isa = PBXBuildFile; fileRef = 9FEA1B342961D9130013A6BD /* LandmarkDetail.swift */; };
		9FEF2B9E296087A900EF759E /* LandmarksApp.swift in Sources */ = {isa = PBXBuildFile; fileRef = 9FEF2B9D296087A900EF759E /* LandmarksApp.swift */; };
		9FEF2BA0296087A900EF759E /* ContentView.swift in Sources */ = {isa = PBXBuildFile; fileRef = 9FEF2B9F296087A900EF759E /* ContentView.swift */; };
		9FEF2BA2296087AA00EF759E /* Assets.xcassets in Resources */ = {isa = PBXBuildFile; fileRef = 9FEF2BA1296087AA00EF759E /* Assets.xcassets */; };
		9FEF2BA5296087AA00EF759E /* Preview Assets.xcassets in Resources */ = {isa = PBXBuildFile; fileRef = 9FEF2BA4296087AA00EF759E /* Preview Assets.xcassets */; };
		9FEF2BAC29608CF800EF759E /* CircleImage.swift in Sources */ = {isa = PBXBuildFile; fileRef = 9FEF2BAB29608CF800EF759E /* CircleImage.swift */; };
		9FEF2BAE29608E4B00EF759E /* MapView.swift in Sources */ = {isa = PBXBuildFile; fileRef = 9FEF2BAD29608E4B00EF759E /* MapView.swift */; };
/* End PBXBuildFile section */

/* Begin PBXFileReference section */
		9FEA1B292961B4ED0013A6BD /* ModelData.swift */ = {isa = PBXFileReference; lastKnownFileType = sourcecode.swift; path = ModelData.swift; sourceTree = "<group>"; };
		9FEA1B2B2961B4F40013A6BD /* Landmark.swift */ = {isa = PBXFileReference; lastKnownFileType = sourcecode.swift; path = Landmark.swift; sourceTree = "<group>"; };
		9FEA1B2E2961B5390013A6BD /* landmarkData.json */ = {isa = PBXFileReference; fileEncoding = 4; lastKnownFileType = text.json; path = landmarkData.json; sourceTree = "<group>"; };
		9FEA1B302961B5870013A6BD /* LandmarkRow.swift */ = {isa = PBXFileReference; lastKnownFileType = sourcecode.swift; path = LandmarkRow.swift; sourceTree = "<group>"; };
		9FEA1B322961B5FC0013A6BD /* LandmarkList.swift */ = {isa = PBXFileReference; lastKnownFileType = sourcecode.swift; path = LandmarkList.swift; sourceTree = "<group>"; };
		9FEA1B342961D9130013A6BD /* LandmarkDetail.swift */ = {isa = PBXFileReference; lastKnownFileType = sourcecode.swift; path = LandmarkDetail.swift; sourceTree = "<group>"; };
		9FEF2B9A296087A900EF759E /* Landmarks.app */ = {isa = PBXFileReference; explicitFileType = wrapper.application; includeInIndex = 0; path = Landmarks.app; sourceTree = BUILT_PRODUCTS_DIR; };
		9FEF2B9D296087A900EF759E /* LandmarksApp.swift */ = {isa = PBXFileReference; lastKnownFileType = sourcecode.swift; path = LandmarksApp.swift; sourceTree = "<group>"; };
		9FEF2B9F296087A900EF759E /* ContentView.swift */ = {isa = PBXFileReference; lastKnownFileType = sourcecode.swift; path = ContentView.swift; sourceTree = "<group>"; };
		9FEF2BA1296087AA00EF759E /* Assets.xcassets */ = {isa = PBXFileReference; lastKnownFileType = folder.assetcatalog; path = Assets.xcassets; sourceTree = "<group>"; };
		9FEF2BA4296087AA00EF759E /* Preview Assets.xcassets */ = {isa = PBXFileReference; lastKnownFileType = folder.assetcatalog; path = "Preview Assets.xcassets"; sourceTree = "<group>"; };
		9FEF2BAB29608CF800EF759E /* CircleImage.swift */ = {isa = PBXFileReference; lastKnownFileType = sourcecode.swift; path = CircleImage.swift; sourceTree = "<group>"; };
		9FEF2BAD29608E4B00EF759E /* MapView.swift */ = {isa = PBXFileReference; lastKnownFileType = sourcecode.swift; path = MapView.swift; sourceTree = "<group>"; };
/* End PBXFileReference section */

/* Begin PBXFrameworksBuildPhase section */
		9FEF2B97296087A900EF759E /* Frameworks */ = {
			isa = PBXFrameworksBuildPhase;
			buildActionMask = 2147483647;
			files = (
			);
			runOnlyForDeploymentPostprocessing = 0;
		};
/* End PBXFrameworksBuildPhase section */

/* Begin PBXGroup section */
		9FEA1B272961B4BE0013A6BD /* Views */ = {
			isa = PBXGroup;
			children = (
				9FEF2B9F296087A900EF759E /* ContentView.swift */,
				9FEF2BAB29608CF800EF759E /* CircleImage.swift */,
				9FEF2BAD29608E4B00EF759E /* MapView.swift */,
				9FEA1B302961B5870013A6BD /* LandmarkRow.swift */,
				9FEA1B322961B5FC0013A6BD /* LandmarkList.swift */,
				9FEA1B342961D9130013A6BD /* LandmarkDetail.swift */,
			);
			path = Views;
			sourceTree = "<group>";
		};
		9FEA1B282961B4DB0013A6BD /* Model */ = {
			isa = PBXGroup;
			children = (
				9FEA1B292961B4ED0013A6BD /* ModelData.swift */,
				9FEA1B2B2961B4F40013A6BD /* Landmark.swift */,
			);
			path = Model;
			sourceTree = "<group>";
		};
		9FEA1B2D2961B5190013A6BD /* Resources */ = {
			isa = PBXGroup;
			children = (
				9FEA1B2E2961B5390013A6BD /* landmarkData.json */,
			);
			path = Resources;
			sourceTree = "<group>";
		};
		9FEF2B91296087A900EF759E = {
			isa = PBXGroup;
			children = (
				9FEF2B9C296087A900EF759E /* Landmarks */,
				9FEF2B9B296087A900EF759E /* Products */,
			);
			sourceTree = "<group>";
		};
		9FEF2B9B296087A900EF759E /* Products */ = {
			isa = PBXGroup;
			children = (
				9FEF2B9A296087A900EF759E /* Landmarks.app */,
			);
			name = Products;
			sourceTree = "<group>";
		};
		9FEF2B9C296087A900EF759E /* Landmarks */ = {
			isa = PBXGroup;
			children = (
				9FEF2B9D296087A900EF759E /* LandmarksApp.swift */,
				9FEA1B272961B4BE0013A6BD /* Views */,
				9FEA1B282961B4DB0013A6BD /* Model */,
				9FEA1B2D2961B5190013A6BD /* Resources */,
				9FEF2BA1296087AA00EF759E /* Assets.xcassets */,
				9FEF2BA3296087AA00EF759E /* Preview Content */,
			);
			path = Landmarks;
			sourceTree = "<group>";
		};
		9FEF2BA3296087AA00EF759E /* Preview Content */ = {
			isa = PBXGroup;
			children = (
				9FEF2BA4296087AA00EF759E /* Preview Assets.xcassets */,
			);
			path = "Preview Content";
			sourceTree = "<group>";
		};
/* End PBXGroup section */

/* Begin PBXNativeTarget section */
		9FEF2B99296087A900EF759E /* Landmarks */ = {
			isa = PBXNativeTarget;
			buildConfigurationList = 9FEF2BA8296087AA00EF759E /* Build configuration list for PBXNativeTarget "Landmarks" */;
			buildPhases = (
				9FEF2B96296087A900EF759E /* Sources */,
				9FEF2B97296087A900EF759E /* Frameworks */,
				9FEF2B98296087A900EF759E /* Resources */,
			);
			buildRules = (
			);
			dependencies = (
			);
			name = Landmarks;
			productName = Landmarks;
			productReference = 9FEF2B9A296087A900EF759E /* Landmarks.app */;
			productType = "com.apple.product-type.application";
		};
/* End PBXNativeTarget section */

/* Begin PBXProject section */
		9FEF2B92296087A900EF759E /* Project object */ = {
			isa = PBXProject;
			attributes = {
				BuildIndependentTargetsInParallel = 1;
				LastSwiftUpdateCheck = 1420;
				LastUpgradeCheck = 1420;
				TargetAttributes = {
					9FEF2B99296087A900EF759E = {
						CreatedOnToolsVersion = 14.2;
					};
				};
			};
			buildConfigurationList = 9FEF2B95296087A900EF759E /* Build configuration list for PBXProject "Landmarks" */;
			compatibilityVersion = "Xcode 14.0";
			developmentRegion = en;
			hasScannedForEncodings = 0;
			knownRegions = (
				en,
				Base,
			);
			mainGroup = 9FEF2B91296087A900EF759E;
			productRefGroup = 9FEF2B9B296087A900EF759E /* Products */;
			projectDirPath = "";
			projectRoot = "";
			targets = (
				9FEF2B99296087A900EF759E /* Landmarks */,
			);
		};
/* End PBXProject section */

/* Begin PBXResourcesBuildPhase section */
		9FEF2B98296087A900EF759E /* Resources */ = {
			isa = PBXResourcesBuildPhase;
			buildActionMask = 2147483647;
			files = (
				9FEF2BA5296087AA00EF759E /* Preview Assets.xcassets in Resources */,
				9FEF2BA2296087AA00EF759E /* Assets.xcassets in Resources */,
				9FEA1B2F2961B5390013A6BD /* landmarkData.json in Resources */,
			);
			runOnlyForDeploymentPostprocessing = 0;
		};
/* End PBXResourcesBuildPhase section */

/* Begin PBXSourcesBuildPhase section */
		9FEF2B96296087A900EF759E /* Sources */ = {
			isa = PBXSourcesBuildPhase;
			buildActionMask = 2147483647;
			files = (
				9FEF2BA0296087A900EF759E /* ContentView.swift in Sources */,
				9FEF2BAE29608E4B00EF759E /* MapView.swift in Sources */,
				9FEA1B2A2961B4ED0013A6BD /* ModelData.swift in Sources */,
				9FEA1B332961B5FC0013A6BD /* LandmarkList.swift in Sources */,
				9FEA1B352961D9130013A6BD /* LandmarkDetail.swift in Sources */,
				9FEF2B9E296087A900EF759E /* LandmarksApp.swift in Sources */,
				9FEF2BAC29608CF800EF759E /* CircleImage.swift in Sources */,
				9FEA1B312961B5870013A6BD /* LandmarkRow.swift in Sources */,
				9FEA1B2C2961B4F40013A6BD /* Landmark.swift in Sources */,
			);
			runOnlyForDeploymentPostprocessing = 0;
		};
/* End PBXSourcesBuildPhase section */

/* Begin XCBuildConfiguration section */
		9FEF2BA6296087AA00EF759E /* Debug */ = {
			isa = XCBuildConfiguration;
			buildSettings = {
				ALWAYS_SEARCH_USER_PATHS = NO;
				CLANG_ANALYZER_NONNULL = YES;
				CLANG_ANALYZER_NUMBER_OBJECT_CONVERSION = YES_AGGRESSIVE;
				CLANG_CXX_LANGUAGE_STANDARD = "gnu++20";
				CLANG_ENABLE_MODULES = YES;
				CLANG_ENABLE_OBJC_ARC = YES;
				CLANG_ENABLE_OBJC_WEAK = YES;
				CLANG_WARN_BLOCK_CAPTURE_AUTORELEASING = YES;
				CLANG_WARN_BOOL_CONVERSION = YES;
				CLANG_WARN_COMMA = YES;
				CLANG_WARN_CONSTANT_CONVERSION = YES;
				CLANG_WARN_DEPRECATED_OBJC_IMPLEMENTATIONS = YES;
				CLANG_WARN_DIRECT_OBJC_ISA_USAGE = YES_ERROR;
				CLANG_WARN_DOCUMENTATION_COMMENTS = YES;
				CLANG_WARN_EMPTY_BODY = YES;
				CLANG_WARN_ENUM_CONVERSION = YES;
				CLANG_WARN_INFINITE_RECURSION = YES;
				CLANG_WARN_INT_CONVERSION = YES;
				CLANG_WARN_NON_LITERAL_NULL_CONVERSION = YES;
				CLANG_WARN_OBJC_IMPLICIT_RETAIN_SELF = YES;
				CLANG_WARN_OBJC_LITERAL_CONVERSION = YES;
				CLANG_WARN_OBJC_ROOT_CLASS = YES_ERROR;
				CLANG_WARN_QUOTED_INCLUDE_IN_FRAMEWORK_HEADER = YES;
				CLANG_WARN_RANGE_LOOP_ANALYSIS = YES;
				CLANG_WARN_STRICT_PROTOTYPES = YES;
				CLANG_WARN_SUSPICIOUS_MOVE = YES;
				CLANG_WARN_UNGUARDED_AVAILABILITY = YES_AGGRESSIVE;
				CLANG_WARN_UNREACHABLE_CODE = YES;
				CLANG_WARN__DUPLICATE_METHOD_MATCH = YES;
				COPY_PHASE_STRIP = NO;
				DEBUG_INFORMATION_FORMAT = dwarf;
				ENABLE_STRICT_OBJC_MSGSEND = YES;
				ENABLE_TESTABILITY = YES;
				GCC_C_LANGUAGE_STANDARD = gnu11;
				GCC_DYNAMIC_NO_PIC = NO;
				GCC_NO_COMMON_BLOCKS = YES;
				GCC_OPTIMIZATION_LEVEL = 0;
				GCC_PREPROCESSOR_DEFINITIONS = (
					"DEBUG=1",
					"$(inherited)",
				);
				GCC_WARN_64_TO_32_BIT_CONVERSION = YES;
				GCC_WARN_ABOUT_RETURN_TYPE = YES_ERROR;
				GCC_WARN_UNDECLARED_SELECTOR = YES;
				GCC_WARN_UNINITIALIZED_AUTOS = YES_AGGRESSIVE;
				GCC_WARN_UNUSED_FUNCTION = YES;
				GCC_WARN_UNUSED_VARIABLE = YES;
				IPHONEOS_DEPLOYMENT_TARGET = 16.2;
				MTL_ENABLE_DEBUG_INFO = INCLUDE_SOURCE;
				MTL_FAST_MATH = YES;
				ONLY_ACTIVE_ARCH = YES;
				SDKROOT = iphoneos;
				SWIFT_ACTIVE_COMPILATION_CONDITIONS = DEBUG;
				SWIFT_OPTIMIZATION_LEVEL = "-Onone";
			};
			name = Debug;
		};
		9FEF2BA7296087AA00EF759E /* Release */ = {
			isa = XCBuildConfiguration;
			buildSettings = {
				ALWAYS_SEARCH_USER_PATHS = NO;
				CLANG_ANALYZER_NONNULL = YES;
				CLANG_ANALYZER_NUMBER_OBJECT_CONVERSION = YES_AGGRESSIVE;
				CLANG_CXX_LANGUAGE_STANDARD = "gnu++20";
				CLANG_ENABLE_MODULES = YES;
				CLANG_ENABLE_OBJC_ARC = YES;
				CLANG_ENABLE_OBJC_WEAK = YES;
				CLANG_WARN_BLOCK_CAPTURE_AUTORELEASING = YES;
				CLANG_WARN_BOOL_CONVERSION = YES;
				CLANG_WARN_COMMA = YES;
				CLANG_WARN_CONSTANT_CONVERSION = YES;
				CLANG_WARN_DEPRECATED_OBJC_IMPLEMENTATIONS = YES;
				CLANG_WARN_DIRECT_OBJC_ISA_USAGE = YES_ERROR;
				CLANG_WARN_DOCUMENTATION_COMMENTS = YES;
				CLANG_WARN_EMPTY_BODY = YES;
				CLANG_WARN_ENUM_CONVERSION = YES;
				CLANG_WARN_INFINITE_RECURSION = YES;
				CLANG_WARN_INT_CONVERSION = YES;
				CLANG_WARN_NON_LITERAL_NULL_CONVERSION = YES;
				CLANG_WARN_OBJC_IMPLICIT_RETAIN_SELF = YES;
				CLANG_WARN_OBJC_LITERAL_CONVERSION = YES;
				CLANG_WARN_OBJC_ROOT_CLASS = YES_ERROR;
				CLANG_WARN_QUOTED_INCLUDE_IN_FRAMEWORK_HEADER = YES;
				CLANG_WARN_RANGE_LOOP_ANALYSIS = YES;
				CLANG_WARN_STRICT_PROTOTYPES = YES;
				CLANG_WARN_SUSPICIOUS_MOVE = YES;
				CLANG_WARN_UNGUARDED_AVAILABILITY = YES_AGGRESSIVE;
				CLANG_WARN_UNREACHABLE_CODE = YES;
				CLANG_WARN__DUPLICATE_METHOD_MATCH = YES;
				COPY_PHASE_STRIP = NO;
				DEBUG_INFORMATION_FORMAT = "dwarf-with-dsym";
				ENABLE_NS_ASSERTIONS = NO;
				ENABLE_STRICT_OBJC_MSGSEND = YES;
				GCC_C_LANGUAGE_STANDARD = gnu11;
				GCC_NO_COMMON_BLOCKS = YES;
				GCC_WARN_64_TO_32_BIT_CONVERSION = YES;
				GCC_WARN_ABOUT_RETURN_TYPE = YES_ERROR;
				GCC_WARN_UNDECLARED_SELECTOR = YES;
				GCC_WARN_UNINITIALIZED_AUTOS = YES_AGGRESSIVE;
				GCC_WARN_UNUSED_FUNCTION = YES;
				GCC_WARN_UNUSED_VARIABLE = YES;
				IPHONEOS_DEPLOYMENT_TARGET = 16.2;
				MTL_ENABLE_DEBUG_INFO = NO;
				MTL_FAST_MATH = YES;
				SDKROOT = iphoneos;
				SWIFT_COMPILATION_MODE = wholemodule;
				SWIFT_OPTIMIZATION_LEVEL = "-O";
				VALIDATE_PRODUCT = YES;
			};
			name = Release;
		};
		9FEF2BA9296087AA00EF759E /* Debug */ = {
			isa = XCBuildConfiguration;
			buildSettings = {
				ASSETCATALOG_COMPILER_APPICON_NAME = AppIcon;
				ASSETCATALOG_COMPILER_GLOBAL_ACCENT_COLOR_NAME = AccentColor;
				CODE_SIGN_STYLE = Automatic;
				CURRENT_PROJECT_VERSION = 1;
				DEVELOPMENT_ASSET_PATHS = "\"Landmarks/Preview Content\"";
				DEVELOPMENT_TEAM = RYRF347865;
				ENABLE_PREVIEWS = YES;
				GENERATE_INFOPLIST_FILE = YES;
				INFOPLIST_KEY_UIApplicationSceneManifest_Generation = YES;
				INFOPLIST_KEY_UIApplicationSupportsIndirectInputEvents = YES;
				INFOPLIST_KEY_UILaunchScreen_Generation = YES;
				INFOPLIST_KEY_UISupportedInterfaceOrientations_iPad = "UIInterfaceOrientationPortrait UIInterfaceOrientationPortraitUpsideDown UIInterfaceOrientationLandscapeLeft UIInterfaceOrientationLandscapeRight";
				INFOPLIST_KEY_UISupportedInterfaceOrientations_iPhone = "UIInterfaceOrientationPortrait UIInterfaceOrientationLandscapeLeft UIInterfaceOrientationLandscapeRight";
				LD_RUNPATH_SEARCH_PATHS = (
					"$(inherited)",
					"@executable_path/Frameworks",
				);
				MARKETING_VERSION = 1.0;
				PRODUCT_BUNDLE_IDENTIFIER = com.tftf161107.Landmarks;
				PRODUCT_NAME = "$(TARGET_NAME)";
				SWIFT_EMIT_LOC_STRINGS = YES;
				SWIFT_VERSION = 5.0;
				TARGETED_DEVICE_FAMILY = "1,2";
			};
			name = Debug;
		};
		9FEF2BAA296087AA00EF759E /* Release */ = {
			isa = XCBuildConfiguration;
			buildSettings = {
				ASSETCATALOG_COMPILER_APPICON_NAME = AppIcon;
				ASSETCATALOG_COMPILER_GLOBAL_ACCENT_COLOR_NAME = AccentColor;
				CODE_SIGN_STYLE = Automatic;
				CURRENT_PROJECT_VERSION = 1;
				DEVELOPMENT_ASSET_PATHS = "\"Landmarks/Preview Content\"";
				DEVELOPMENT_TEAM = RYRF347865;
				ENABLE_PREVIEWS = YES;
				GENERATE_INFOPLIST_FILE = YES;
				INFOPLIST_KEY_UIApplicationSceneManifest_Generation = YES;
				INFOPLIST_KEY_UIApplicationSupportsIndirectInputEvents = YES;
				INFOPLIST_KEY_UILaunchScreen_Generation = YES;
				INFOPLIST_KEY_UISupportedInterfaceOrientations_iPad = "UIInterfaceOrientationPortrait UIInterfaceOrientationPortraitUpsideDown UIInterfaceOrientationLandscapeLeft UIInterfaceOrientationLandscapeRight";
				INFOPLIST_KEY_UISupportedInterfaceOrientations_iPhone = "UIInterfaceOrientationPortrait UIInterfaceOrientationLandscapeLeft UIInterfaceOrientationLandscapeRight";
				LD_RUNPATH_SEARCH_PATHS = (
					"$(inherited)",
					"@executable_path/Frameworks",
				);
				MARKETING_VERSION = 1.0;
				PRODUCT_BUNDLE_IDENTIFIER = com.tftf161107.Landmarks;
				PRODUCT_NAME = "$(TARGET_NAME)";
				SWIFT_EMIT_LOC_STRINGS = YES;
				SWIFT_VERSION = 5.0;
				TARGETED_DEVICE_FAMILY = "1,2";
			};
			name = Release;
		};
/* End XCBuildConfiguration section */

/* Begin XCConfigurationList section */
		9FEF2B95296087A900EF759E /* Build configuration list for PBXProject "Landmarks" */ = {
			isa = XCConfigurationList;
			buildConfigurations = (
				9FEF2BA6296087AA00EF759E /* Debug */,
				9FEF2BA7296087AA00EF759E /* Release */,
			);
			defaultConfigurationIsVisible = 0;
			defaultConfigurationName = Release;
		};
		9FEF2BA8296087AA00EF759E /* Build configuration list for PBXNativeTarget "Landmarks" */ = {
			isa = XCConfigurationList;
			buildConfigurations = (
				9FEF2BA9296087AA00EF759E /* Debug */,
				9FEF2BAA296087AA00EF759E /* Release */,
			);
			defaultConfigurationIsVisible = 0;
			defaultConfigurationName = Release;
		};
/* End XCConfigurationList section */
	};
	rootObject = 9FEF2B92296087A900EF759E /* Project object */;
}
